// !$*UTF8*$!
{
	archiveVersion = 1;
	classes = {
	};
	objectVersion = 48;
	objects = {

/* Begin PBXBuildFile section */
		135688AB1FD5FFC4008FB300 /* AppDelegate.swift in Sources */ = {isa = PBXBuildFile; fileRef = 135688AA1FD5FFC4008FB300 /* AppDelegate.swift */; };
		135688AD1FD5FFC4008FB300 /* art.scnassets in Resources */ = {isa = PBXBuildFile; fileRef = 135688AC1FD5FFC4008FB300 /* art.scnassets */; };
		135688AF1FD5FFC4008FB300 /* ViewController.swift in Sources */ = {isa = PBXBuildFile; fileRef = 135688AE1FD5FFC4008FB300 /* ViewController.swift */; };
		135688B21FD5FFC4008FB300 /* Main.storyboard in Resources */ = {isa = PBXBuildFile; fileRef = 135688B01FD5FFC4008FB300 /* Main.storyboard */; };
		135688B41FD5FFC4008FB300 /* Assets.xcassets in Resources */ = {isa = PBXBuildFile; fileRef = 135688B31FD5FFC4008FB300 /* Assets.xcassets */; };
		135688B71FD5FFC4008FB300 /* LaunchScreen.storyboard in Resources */ = {isa = PBXBuildFile; fileRef = 135688B51FD5FFC4008FB300 /* LaunchScreen.storyboard */; };
		135688BF1FD60B02008FB300 /* ConnectionManager.swift in Sources */ = {isa = PBXBuildFile; fileRef = 135688BE1FD60B02008FB300 /* ConnectionManager.swift */; };
/* End PBXBuildFile section */

/* Begin PBXFileReference section */
		135688A71FD5FFC4008FB300 /* CrayonPrototype.app */ = {isa = PBXFileReference; explicitFileType = wrapper.application; includeInIndex = 0; path = CrayonPrototype.app; sourceTree = BUILT_PRODUCTS_DIR; };
		135688AA1FD5FFC4008FB300 /* AppDelegate.swift */ = {isa = PBXFileReference; lastKnownFileType = sourcecode.swift; path = AppDelegate.swift; sourceTree = "<group>"; };
		135688AC1FD5FFC4008FB300 /* art.scnassets */ = {isa = PBXFileReference; lastKnownFileType = wrapper.scnassets; path = art.scnassets; sourceTree = "<group>"; };
		135688AE1FD5FFC4008FB300 /* ViewController.swift */ = {isa = PBXFileReference; lastKnownFileType = sourcecode.swift; path = ViewController.swift; sourceTree = "<group>"; };
		135688B11FD5FFC4008FB300 /* Base */ = {isa = PBXFileReference; lastKnownFileType = file.storyboard; name = Base; path = Base.lproj/Main.storyboard; sourceTree = "<group>"; };
		135688B31FD5FFC4008FB300 /* Assets.xcassets */ = {isa = PBXFileReference; lastKnownFileType = folder.assetcatalog; path = Assets.xcassets; sourceTree = "<group>"; };
		135688B61FD5FFC4008FB300 /* Base */ = {isa = PBXFileReference; lastKnownFileType = file.storyboard; name = Base; path = Base.lproj/LaunchScreen.storyboard; sourceTree = "<group>"; };
		135688B81FD5FFC4008FB300 /* Info.plist */ = {isa = PBXFileReference; lastKnownFileType = text.plist.xml; path = Info.plist; sourceTree = "<group>"; };
		135688BE1FD60B02008FB300 /* ConnectionManager.swift */ = {isa = PBXFileReference; lastKnownFileType = sourcecode.swift; path = ConnectionManager.swift; sourceTree = "<group>"; };
/* End PBXFileReference section */

/* Begin PBXFrameworksBuildPhase section */
		135688A41FD5FFC4008FB300 /* Frameworks */ = {
			isa = PBXFrameworksBuildPhase;
			buildActionMask = 2147483647;
			files = (
			);
			runOnlyForDeploymentPostprocessing = 0;
		};
/* End PBXFrameworksBuildPhase section */

/* Begin PBXGroup section */
		1356889E1FD5FFC4008FB300 = {
			isa = PBXGroup;
			children = (
				135688A91FD5FFC4008FB300 /* CrayonPrototype */,
				135688A81FD5FFC4008FB300 /* Products */,
			);
			sourceTree = "<group>";
		};
		135688A81FD5FFC4008FB300 /* Products */ = {
			isa = PBXGroup;
			children = (
				135688A71FD5FFC4008FB300 /* CrayonPrototype.app */,
			);
			name = Products;
			sourceTree = "<group>";
		};
		135688A91FD5FFC4008FB300 /* CrayonPrototype */ = {
			isa = PBXGroup;
			children = (
				135688AA1FD5FFC4008FB300 /* AppDelegate.swift */,
				135688AC1FD5FFC4008FB300 /* art.scnassets */,
				135688AE1FD5FFC4008FB300 /* ViewController.swift */,
				135688B01FD5FFC4008FB300 /* Main.storyboard */,
				135688B31FD5FFC4008FB300 /* Assets.xcassets */,
				135688B51FD5FFC4008FB300 /* LaunchScreen.storyboard */,
				135688B81FD5FFC4008FB300 /* Info.plist */,
				135688BE1FD60B02008FB300 /* ConnectionManager.swift */,
			);
			path = CrayonPrototype;
			sourceTree = "<group>";
		};
/* End PBXGroup section */

/* Begin PBXNativeTarget section */
		135688A61FD5FFC4008FB300 /* CrayonPrototype */ = {
			isa = PBXNativeTarget;
			buildConfigurationList = 135688BB1FD5FFC4008FB300 /* Build configuration list for PBXNativeTarget "CrayonPrototype" */;
			buildPhases = (
				135688A31FD5FFC4008FB300 /* Sources */,
				135688A41FD5FFC4008FB300 /* Frameworks */,
				135688A51FD5FFC4008FB300 /* Resources */,
			);
			buildRules = (
			);
			dependencies = (
			);
			name = CrayonPrototype;
			productName = CrayonPrototype;
			productReference = 135688A71FD5FFC4008FB300 /* CrayonPrototype.app */;
			productType = "com.apple.product-type.application";
		};
/* End PBXNativeTarget section */

/* Begin PBXProject section */
		1356889F1FD5FFC4008FB300 /* Project object */ = {
			isa = PBXProject;
			attributes = {
				LastSwiftUpdateCheck = 0910;
				LastUpgradeCheck = 0910;
				ORGANIZATIONNAME = Crayon;
				TargetAttributes = {
					135688A61FD5FFC4008FB300 = {
						CreatedOnToolsVersion = 9.1;
						ProvisioningStyle = Automatic;
					};
				};
			};
			buildConfigurationList = 135688A21FD5FFC4008FB300 /* Build configuration list for PBXProject "CrayonPrototype" */;
			compatibilityVersion = "Xcode 8.0";
			developmentRegion = en;
			hasScannedForEncodings = 0;
			knownRegions = (
				en,
				Base,
			);
			mainGroup = 1356889E1FD5FFC4008FB300;
			productRefGroup = 135688A81FD5FFC4008FB300 /* Products */;
			projectDirPath = "";
			projectRoot = "";
			targets = (
				135688A61FD5FFC4008FB300 /* CrayonPrototype */,
			);
		};
/* End PBXProject section */

/* Begin PBXResourcesBuildPhase section */
		135688A51FD5FFC4008FB300 /* Resources */ = {
			isa = PBXResourcesBuildPhase;
			buildActionMask = 2147483647;
			files = (
				135688AD1FD5FFC4008FB300 /* art.scnassets in Resources */,
				135688B71FD5FFC4008FB300 /* LaunchScreen.storyboard in Resources */,
				135688B41FD5FFC4008FB300 /* Assets.xcassets in Resources */,
				135688B21FD5FFC4008FB300 /* Main.storyboard in Resources */,
			);
			runOnlyForDeploymentPostprocessing = 0;
		};
/* End PBXResourcesBuildPhase section */

/* Begin PBXSourcesBuildPhase section */
		135688A31FD5FFC4008FB300 /* Sources */ = {
			isa = PBXSourcesBuildPhase;
			buildActionMask = 2147483647;
			files = (
				135688AF1FD5FFC4008FB300 /* ViewController.swift in Sources */,
				135688BF1FD60B02008FB300 /* ConnectionManager.swift in Sources */,
				135688AB1FD5FFC4008FB300 /* AppDelegate.swift in Sources */,
			);
			runOnlyForDeploymentPostprocessing = 0;
		};
/* End PBXSourcesBuildPhase section */

/* Begin PBXVariantGroup section */
		135688B01FD5FFC4008FB300 /* Main.storyboard */ = {
			isa = PBXVariantGroup;
			children = (
				135688B11FD5FFC4008FB300 /* Base */,
			);
			name = Main.storyboard;
			sourceTree = "<group>";
		};
		135688B51FD5FFC4008FB300 /* LaunchScreen.storyboard */ = {
			isa = PBXVariantGroup;
			children = (
				135688B61FD5FFC4008FB300 /* Base */,
			);
			name = LaunchScreen.storyboard;
			sourceTree = "<group>";
		};
/* End PBXVariantGroup section */

/* Begin XCBuildConfiguration section */
		135688B91FD5FFC4008FB300 /* Debug */ = {
			isa = XCBuildConfiguration;
			buildSettings = {
				ALWAYS_SEARCH_USER_PATHS = NO;
				CLANG_ANALYZER_NONNULL = YES;
				CLANG_ANALYZER_NUMBER_OBJECT_CONVERSION = YES_AGGRESSIVE;
				CLANG_CXX_LANGUAGE_STANDARD = "gnu++14";
				CLANG_CXX_LIBRARY = "libc++";
				CLANG_ENABLE_MODULES = YES;
				CLANG_ENABLE_OBJC_ARC = YES;
				CLANG_WARN_BLOCK_CAPTURE_AUTORELEASING = YES;
				CLANG_WARN_BOOL_CONVERSION = YES;
				CLANG_WARN_COMMA = YES;
				CLANG_WARN_CONSTANT_CONVERSION = YES;
				CLANG_WARN_DIRECT_OBJC_ISA_USAGE = YES_ERROR;
				CLANG_WARN_DOCUMENTATION_COMMENTS = YES;
				CLANG_WARN_EMPTY_BODY = YES;
				CLANG_WARN_ENUM_CONVERSION = YES;
				CLANG_WARN_INFINITE_RECURSION = YES;
				CLANG_WARN_INT_CONVERSION = YES;
				CLANG_WARN_NON_LITERAL_NULL_CONVERSION = YES;
				CLANG_WARN_OBJC_LITERAL_CONVERSION = YES;
				CLANG_WARN_OBJC_ROOT_CLASS = YES_ERROR;
				CLANG_WARN_RANGE_LOOP_ANALYSIS = YES;
				CLANG_WARN_STRICT_PROTOTYPES = YES;
				CLANG_WARN_SUSPICIOUS_MOVE = YES;
				CLANG_WARN_UNGUARDED_AVAILABILITY = YES_AGGRESSIVE;
				CLANG_WARN_UNREACHABLE_CODE = YES;
				CLANG_WARN__DUPLICATE_METHOD_MATCH = YES;
				CODE_SIGN_IDENTITY = "iPhone Developer";
				COPY_PHASE_STRIP = NO;
				DEBUG_INFORMATION_FORMAT = dwarf;
				ENABLE_STRICT_OBJC_MSGSEND = YES;
				ENABLE_TESTABILITY = YES;
				GCC_C_LANGUAGE_STANDARD = gnu11;
				GCC_DYNAMIC_NO_PIC = NO;
				GCC_NO_COMMON_BLOCKS = YES;
				GCC_OPTIMIZATION_LEVEL = 0;
				GCC_PREPROCESSOR_DEFINITIONS = (
					"DEBUG=1",
					"$(inherited)",
				);
				GCC_WARN_64_TO_32_BIT_CONVERSION = YES;
				GCC_WARN_ABOUT_RETURN_TYPE = YES_ERROR;
				GCC_WARN_UNDECLARED_SELECTOR = YES;
				GCC_WARN_UNINITIALIZED_AUTOS = YES_AGGRESSIVE;
				GCC_WARN_UNUSED_FUNCTION = YES;
				GCC_WARN_UNUSED_VARIABLE = YES;
				IPHONEOS_DEPLOYMENT_TARGET = 11.1;
				MTL_ENABLE_DEBUG_INFO = YES;
				ONLY_ACTIVE_ARCH = YES;
				SDKROOT = iphoneos;
				SWIFT_ACTIVE_COMPILATION_CONDITIONS = DEBUG;
				SWIFT_OPTIMIZATION_LEVEL = "-Onone";
			};
			name = Debug;
		};
		135688BA1FD5FFC4008FB300 /* Release */ = {
			isa = XCBuildConfiguration;
			buildSettings = {
				ALWAYS_SEARCH_USER_PATHS = NO;
				CLANG_ANALYZER_NONNULL = YES;
				CLANG_ANALYZER_NUMBER_OBJECT_CONVERSION = YES_AGGRESSIVE;
				CLANG_CXX_LANGUAGE_STANDARD = "gnu++14";
				CLANG_CXX_LIBRARY = "libc++";
				CLANG_ENABLE_MODULES = YES;
				CLANG_ENABLE_OBJC_ARC = YES;
				CLANG_WARN_BLOCK_CAPTURE_AUTORELEASING = YES;
				CLANG_WARN_BOOL_CONVERSION = YES;
				CLANG_WARN_COMMA = YES;
				CLANG_WARN_CONSTANT_CONVERSION = YES;
				CLANG_WARN_DIRECT_OBJC_ISA_USAGE = YES_ERROR;
				CLANG_WARN_DOCUMENTATION_COMMENTS = YES;
				CLANG_WARN_EMPTY_BODY = YES;
				CLANG_WARN_ENUM_CONVERSION = YES;
				CLANG_WARN_INFINITE_RECURSION = YES;
				CLANG_WARN_INT_CONVERSION = YES;
				CLANG_WARN_NON_LITERAL_NULL_CONVERSION = YES;
				CLANG_WARN_OBJC_LITERAL_CONVERSION = YES;
				CLANG_WARN_OBJC_ROOT_CLASS = YES_ERROR;
				CLANG_WARN_RANGE_LOOP_ANALYSIS = YES;
				CLANG_WARN_STRICT_PROTOTYPES = YES;
				CLANG_WARN_SUSPICIOUS_MOVE = YES;
				CLANG_WARN_UNGUARDED_AVAILABILITY = YES_AGGRESSIVE;
				CLANG_WARN_UNREACHABLE_CODE = YES;
				CLANG_WARN__DUPLICATE_METHOD_MATCH = YES;
				CODE_SIGN_IDENTITY = "iPhone Developer";
				COPY_PHASE_STRIP = NO;
				DEBUG_INFORMATION_FORMAT = "dwarf-with-dsym";
				ENABLE_NS_ASSERTIONS = NO;
				ENABLE_STRICT_OBJC_MSGSEND = YES;
				GCC_C_LANGUAGE_STANDARD = gnu11;
				GCC_NO_COMMON_BLOCKS = YES;
				GCC_WARN_64_TO_32_BIT_CONVERSION = YES;
				GCC_WARN_ABOUT_RETURN_TYPE = YES_ERROR;
				GCC_WARN_UNDECLARED_SELECTOR = YES;
				GCC_WARN_UNINITIALIZED_AUTOS = YES_AGGRESSIVE;
				GCC_WARN_UNUSED_FUNCTION = YES;
				GCC_WARN_UNUSED_VARIABLE = YES;
				IPHONEOS_DEPLOYMENT_TARGET = 11.1;
				MTL_ENABLE_DEBUG_INFO = NO;
				SDKROOT = iphoneos;
				SWIFT_OPTIMIZATION_LEVEL = "-Owholemodule";
				VALIDATE_PRODUCT = YES;
			};
			name = Release;
		};
		135688BC1FD5FFC4008FB300 /* Debug */ = {
			isa = XCBuildConfiguration;
			buildSettings = {
				ASSETCATALOG_COMPILER_APPICON_NAME = AppIcon;
				CODE_SIGN_STYLE = Automatic;
				DEVELOPMENT_TEAM = 5ZP84X9P2Y;
				INFOPLIST_FILE = CrayonPrototype/Info.plist;
				IPHONEOS_DEPLOYMENT_TARGET = 11.0;
				LD_RUNPATH_SEARCH_PATHS = "$(inherited) @executable_path/Frameworks";
				PRODUCT_BUNDLE_IDENTIFIER = com.Crayon.CrayonPrototype;
				PRODUCT_NAME = "$(TARGET_NAME)";
				SWIFT_VERSION = 4.0;
				TARGETED_DEVICE_FAMILY = "1,2";
			};
			name = Debug;
		};
		135688BD1FD5FFC4008FB300 /* Release */ = {
			isa = XCBuildConfiguration;
			buildSettings = {
				ASSETCATALOG_COMPILER_APPICON_NAME = AppIcon;
				CODE_SIGN_STYLE = Automatic;
				DEVELOPMENT_TEAM = 5ZP84X9P2Y;
				INFOPLIST_FILE = CrayonPrototype/Info.plist;
				IPHONEOS_DEPLOYMENT_TARGET = 11.0;
				LD_RUNPATH_SEARCH_PATHS = "$(inherited) @executable_path/Frameworks";
				PRODUCT_BUNDLE_IDENTIFIER = com.Crayon.CrayonPrototype;
				PRODUCT_NAME = "$(TARGET_NAME)";
				SWIFT_VERSION = 4.0;
				TARGETED_DEVICE_FAMILY = "1,2";
			};
			name = Release;
		};
/* End XCBuildConfiguration section */

/* Begin XCConfigurationList section */
		135688A21FD5FFC4008FB300 /* Build configuration list for PBXProject "CrayonPrototype" */ = {
			isa = XCConfigurationList;
			buildConfigurations = (
				135688B91FD5FFC4008FB300 /* Debug */,
				135688BA1FD5FFC4008FB300 /* Release */,
			);
			defaultConfigurationIsVisible = 0;
			defaultConfigurationName = Release;
		};
		135688BB1FD5FFC4008FB300 /* Build configuration list for PBXNativeTarget "CrayonPrototype" */ = {
			isa = XCConfigurationList;
			buildConfigurations = (
				135688BC1FD5FFC4008FB300 /* Debug */,
				135688BD1FD5FFC4008FB300 /* Release */,
			);
			defaultConfigurationIsVisible = 0;
			defaultConfigurationName = Release;
		};
/* End XCConfigurationList section */
	};
	rootObject = 1356889F1FD5FFC4008FB300 /* Project object */;
}
